
Microsoft Visual Studio Solution File, Format Version 12.00
# Visual Studio Version 17
VisualStudioVersion = 17.11.35312.102
MinimumVisualStudioVersion = 10.0.40219.1
Project("{FAE04EC0-301F-11D3-BF4B-00C04F79EFBC}") = "MultiVideoConverter", "MultiVideoConverter.csproj", "{0F0A7F4C-D980-45E2-8420-1F3093755917}"
EndProject
Global
	GlobalSection(SolutionConfigurationPlatforms) = preSolution
		Debug|Any CPU = Debug|Any CPU
		Release|Any CPU = Release|Any CPU
	EndGlobalSection
	GlobalSection(ProjectConfigurationPlatforms) = postSolution
		{0F0A7F4C-D980-45E2-8420-1F3093755917}.Debug|Any CPU.ActiveCfg = Debug|Any CPU
		{0F0A7F4C-D980-45E2-8420-1F3093755917}.Debug|Any CPU.Build.0 = Debug|Any CPU
		{0F0A7F4C-D980-45E2-8420-1F3093755917}.Release|Any CPU.ActiveCfg = Release|Any CPU
		{0F0A7F4C-D980-45E2-8420-1F3093755917}.Release|Any CPU.Build.0 = Release|Any CPU
	EndGlobalSection
	GlobalSection(SolutionProperties) = preSolution
		HideSolutionNode = FALSE
	EndGlobalSection
	GlobalSection(ExtensibilityGlobals) = postSolution
		SolutionGuid = {6647A15D-C135-4C6C-AF8E-B41836D8F229}
	EndGlobalSection
EndGlobal
